
Microsoft Visual Studio Solution File, Format Version 12.00
# Visual Studio Version 17
VisualStudioVersion = 17.14.36408.4 d17.14
MinimumVisualStudioVersion = 10.0.40219.1
Project("{FAE04EC0-301F-11D3-BF4B-00C04F79EFBC}") = "dbfirst", "dbfirst\dbfirst.csproj", "{0701E05F-10DD-4390-BFF3-FA5D6496E623}"
EndProject
Global
	GlobalSection(SolutionConfigurationPlatforms) = preSolution
		Debug|Any CPU = Debug|Any CPU
		Release|Any CPU = Release|Any CPU
	EndGlobalSection
	GlobalSection(ProjectConfigurationPlatforms) = postSolution
		{0701E05F-10DD-4390-BFF3-FA5D6496E623}.Debug|Any CPU.ActiveCfg = Debug|Any CPU
		{0701E05F-10DD-4390-BFF3-FA5D6496E623}.Debug|Any CPU.Build.0 = Debug|Any CPU
		{0701E05F-10DD-4390-BFF3-FA5D6496E623}.Release|Any CPU.ActiveCfg = Release|Any CPU
		{0701E05F-10DD-4390-BFF3-FA5D6496E623}.Release|Any CPU.Build.0 = Release|Any CPU
	EndGlobalSection
	GlobalSection(SolutionProperties) = preSolution
		HideSolutionNode = FALSE
	EndGlobalSection
	GlobalSection(ExtensibilityGlobals) = postSolution
		SolutionGuid = {C7A0C5A5-1CBE-4ADF-A517-BE4C61609B8C}
	EndGlobalSection
EndGlobal
