
Microsoft Visual Studio Solution File, Format Version 12.00
# Visual Studio Version 17
VisualStudioVersion = 17.14.36408.4 d17.14
MinimumVisualStudioVersion = 10.0.40219.1
Project("{FAE04EC0-301F-11D3-BF4B-00C04F79EFBC}") = "learningAssociation", "learningAssociation\learningAssociation.csproj", "{766C8249-A3F7-4140-B7B6-5C1D31BE9BD6}"
EndProject
Global
	GlobalSection(SolutionConfigurationPlatforms) = preSolution
		Debug|Any CPU = Debug|Any CPU
		Release|Any CPU = Release|Any CPU
	EndGlobalSection
	GlobalSection(ProjectConfigurationPlatforms) = postSolution
		{766C8249-A3F7-4140-B7B6-5C1D31BE9BD6}.Debug|Any CPU.ActiveCfg = Debug|Any CPU
		{766C8249-A3F7-4140-B7B6-5C1D31BE9BD6}.Debug|Any CPU.Build.0 = Debug|Any CPU
		{766C8249-A3F7-4140-B7B6-5C1D31BE9BD6}.Release|Any CPU.ActiveCfg = Release|Any CPU
		{766C8249-A3F7-4140-B7B6-5C1D31BE9BD6}.Release|Any CPU.Build.0 = Release|Any CPU
	EndGlobalSection
	GlobalSection(SolutionProperties) = preSolution
		HideSolutionNode = FALSE
	EndGlobalSection
	GlobalSection(ExtensibilityGlobals) = postSolution
		SolutionGuid = {39C61104-1E91-486F-8AF4-3FDB07035AA7}
	EndGlobalSection
EndGlobal
